// !$*UTF8*$!
{
	archiveVersion = 1;
	classes = {
	};
	objectVersion = 46;
	objects = {

/* Begin PBXBuildFile section */
		061040397454D48E3265FC40 /* Cocoa.framework in Frameworks */ = {isa = PBXBuildFile; fileRef = 91ABEE58D8F96BD1CFC72AE0 /* Cocoa.framework */; };
		4337804708F4A0D3E4C9E735 /* PhoneticsCore in Frameworks */ = {isa = PBXBuildFile; productRef = A81CDF4943D361FF89883E57 /* PhoneticsCore */; };
		C59A2FAEB871B3B8D59B8931 /* PhoneticsMaestroApp.swift in Sources */ = {isa = PBXBuildFile; fileRef = 25385178F63D99DB5F3431F0 /* PhoneticsMaestroApp.swift */; };
/* End PBXBuildFile section */

/* Begin PBXFileReference section */
		06F2AE9EAB91EF5DB93EDECF /* PhoneticsMaestro.app */ = {isa = PBXFileReference; explicitFileType = wrapper.application; includeInIndex = 0; path = PhoneticsMaestro.app; sourceTree = BUILT_PRODUCTS_DIR; };
		25385178F63D99DB5F3431F0 /* PhoneticsMaestroApp.swift */ = {isa = PBXFileReference; includeInIndex = 1; lastKnownFileType = sourcecode.swift; path = PhoneticsMaestroApp.swift; sourceTree = "<group>"; };
		4541F1B006650B53986E282A /* Info.plist */ = {isa = PBXFileReference; includeInIndex = 1; lastKnownFileType = text.plist.xml; path = Info.plist; sourceTree = "<group>"; };
		91ABEE58D8F96BD1CFC72AE0 /* Cocoa.framework */ = {isa = PBXFileReference; lastKnownFileType = wrapper.framework; name = Cocoa.framework; path = Platforms/MacOSX.platform/Developer/SDKs/MacOSX15.0.sdk/System/Library/Frameworks/Cocoa.framework; sourceTree = DEVELOPER_DIR; };
/* End PBXFileReference section */

/* Begin PBXFrameworksBuildPhase section */
		B80D643AC2FCD2B89AAC10FA /* Frameworks */ = {
			isa = PBXFrameworksBuildPhase;
			buildActionMask = 2147483647;
			files = (
				061040397454D48E3265FC40 /* Cocoa.framework in Frameworks */,
				4337804708F4A0D3E4C9E735 /* PhoneticsCore in Frameworks */,
			);
			runOnlyForDeploymentPostprocessing = 0;
		};
/* End PBXFrameworksBuildPhase section */

/* Begin PBXGroup section */
		0CCF778EA460B0D7BF82909F /* PhoneticsMaestroApp */ = {
			isa = PBXGroup;
			children = (
				25385178F63D99DB5F3431F0 /* PhoneticsMaestroApp.swift */,
				4541F1B006650B53986E282A /* Info.plist */,
			);
			name = PhoneticsMaestroApp;
			path = PhoneticsMaestroApp;
			sourceTree = "<group>";
		};
		24C6ED32AB0B5C84DE5154D3 = {
			isa = PBXGroup;
			children = (
				2D75B8849309305B1F8A33DC /* Products */,
				5C47321354777B8504617BF3 /* Frameworks */,
				0CCF778EA460B0D7BF82909F /* PhoneticsMaestroApp */,
			);
			sourceTree = "<group>";
		};
		2D75B8849309305B1F8A33DC /* Products */ = {
			isa = PBXGroup;
			children = (
				06F2AE9EAB91EF5DB93EDECF /* PhoneticsMaestro.app */,
			);
			name = Products;
			sourceTree = "<group>";
		};
		5C47321354777B8504617BF3 /* Frameworks */ = {
			isa = PBXGroup;
			children = (
				8913BA97C22265941F8EE1B4 /* OS X */,
			);
			name = Frameworks;
			sourceTree = "<group>";
		};
		8913BA97C22265941F8EE1B4 /* OS X */ = {
			isa = PBXGroup;
			children = (
				91ABEE58D8F96BD1CFC72AE0 /* Cocoa.framework */,
			);
			name = "OS X";
			sourceTree = "<group>";
		};
/* End PBXGroup section */

/* Begin PBXNativeTarget section */
		E931F05AB748B5CDEA6A6C06 /* PhoneticsMaestroApp */ = {
			isa = PBXNativeTarget;
			buildConfigurationList = 81C2A99130536D2F22105325 /* Build configuration list for PBXNativeTarget "PhoneticsMaestroApp" */;
			buildPhases = (
				0681B4F9E73DE195A07E162E /* Sources */,
				B80D643AC2FCD2B89AAC10FA /* Frameworks */,
				F0C08D3A388611E5AFF86480 /* Resources */,
			);
			buildRules = (
			);
			dependencies = (
			);
			name = PhoneticsMaestroApp;
			packageProductDependencies = (
				A81CDF4943D361FF89883E57 /* PhoneticsCore */,
			);
			productName = PhoneticsMaestro;
			productReference = 06F2AE9EAB91EF5DB93EDECF /* PhoneticsMaestro.app */;
			productType = "com.apple.product-type.application";
		};
/* End PBXNativeTarget section */

/* Begin PBXProject section */
		D43937B364E309B46F1FD8BD /* Project object */ = {
			isa = PBXProject;
			attributes = {
				LastSwiftUpdateCheck = 1600;
				LastUpgradeCheck = 2640;
				ORGANIZATIONNAME = apue;
			};
			buildConfigurationList = 6FE97AA71186665A79B8F7FA /* Build configuration list for PBXProject "PhoneticsMaestro" */;
			compatibilityVersion = "Xcode 3.2";
			developmentRegion = en;
			hasScannedForEncodings = 0;
			knownRegions = (
				en,
				Base,
			);
			mainGroup = 24C6ED32AB0B5C84DE5154D3;
			minimizedProjectReferenceProxies = 0;
			packageReferences = (
				314A3F7E6C93D4E81E6DE309 /* XCLocalSwiftPackageReference "." */,
			);
			preferredProjectObjectVersion = 77;
			productRefGroup = 2D75B8849309305B1F8A33DC /* Products */;
			projectDirPath = "";
			projectRoot = "";
			targets = (
				E931F05AB748B5CDEA6A6C06 /* PhoneticsMaestroApp */,
			);
		};
/* End PBXProject section */

/* Begin PBXResourcesBuildPhase section */
		F0C08D3A388611E5AFF86480 /* Resources */ = {
			isa = PBXResourcesBuildPhase;
			buildActionMask = 2147483647;
			files = (
			);
			runOnlyForDeploymentPostprocessing = 0;
		};
/* End PBXResourcesBuildPhase section */

/* Begin PBXSourcesBuildPhase section */
		0681B4F9E73DE195A07E162E /* Sources */ = {
			isa = PBXSourcesBuildPhase;
			buildActionMask = 2147483647;
			files = (
				C59A2FAEB871B3B8D59B8931 /* PhoneticsMaestroApp.swift in Sources */,
			);
			runOnlyForDeploymentPostprocessing = 0;
		};
/* End PBXSourcesBuildPhase section */

/* Begin XCBuildConfiguration section */
		45CDBC7A7F9727CD51D41E49 /* Debug */ = {
			isa = XCBuildConfiguration;
			buildSettings = {
				ALWAYS_SEARCH_USER_PATHS = NO;
				CLANG_ANALYZER_NONNULL = YES;
				CLANG_ANALYZER_NUMBER_OBJECT_CONVERSION = YES_AGGRESSIVE;
				CLANG_CXX_LANGUAGE_STANDARD = "gnu++14";
				CLANG_CXX_LIBRARY = "libc++";
				CLANG_ENABLE_MODULES = YES;
				CLANG_ENABLE_OBJC_ARC = YES;
				CLANG_ENABLE_OBJC_WEAK = YES;
				CLANG_WARN_BLOCK_CAPTURE_AUTORELEASING = YES;
				CLANG_WARN_BOOL_CONVERSION = YES;
				CLANG_WARN_COMMA = YES;
				CLANG_WARN_CONSTANT_CONVERSION = YES;
				CLANG_WARN_DEPRECATED_OBJC_IMPLEMENTATIONS = YES;
				CLANG_WARN_DIRECT_OBJC_ISA_USAGE = YES_ERROR;
				CLANG_WARN_DOCUMENTATION_COMMENTS = YES;
				CLANG_WARN_EMPTY_BODY = YES;
				CLANG_WARN_ENUM_CONVERSION = YES;
				CLANG_WARN_INFINITE_RECURSION = YES;
				CLANG_WARN_INT_CONVERSION = YES;
				CLANG_WARN_NON_LITERAL_NULL_CONVERSION = YES;
				CLANG_WARN_OBJC_IMPLICIT_RETAIN_SELF = YES;
				CLANG_WARN_OBJC_LITERAL_CONVERSION = YES;
				CLANG_WARN_OBJC_ROOT_CLASS = YES_ERROR;
				CLANG_WARN_QUOTED_INCLUDE_IN_FRAMEWORK_HEADER = YES;
				CLANG_WARN_RANGE_LOOP_ANALYSIS = YES;
				CLANG_WARN_STRICT_PROTOTYPES = YES;
				CLANG_WARN_SUSPICIOUS_MOVE = YES;
				CLANG_WARN_UNGUARDED_AVAILABILITY = YES_AGGRESSIVE;
				CLANG_WARN_UNREACHABLE_CODE = YES;
				CLANG_WARN__DUPLICATE_METHOD_MATCH = YES;
				COPY_PHASE_STRIP = NO;
				DEBUG_INFORMATION_FORMAT = dwarf;
				ENABLE_STRICT_OBJC_MSGSEND = YES;
				ENABLE_TESTABILITY = YES;
				GCC_C_LANGUAGE_STANDARD = gnu11;
				GCC_DYNAMIC_NO_PIC = NO;
				GCC_NO_COMMON_BLOCKS = YES;
				GCC_OPTIMIZATION_LEVEL = 0;
				GCC_PREPROCESSOR_DEFINITIONS = (
					"DEBUG=1",
					"$(inherited)",
				);
				GCC_WARN_64_TO_32_BIT_CONVERSION = YES;
				GCC_WARN_ABOUT_RETURN_TYPE = YES_ERROR;
				GCC_WARN_UNDECLARED_SELECTOR = YES;
				GCC_WARN_UNINITIALIZED_AUTOS = YES_AGGRESSIVE;
				GCC_WARN_UNUSED_FUNCTION = YES;
				GCC_WARN_UNUSED_VARIABLE = YES;
				MACOSX_DEPLOYMENT_TARGET = 14.0;
				MTL_ENABLE_DEBUG_INFO = INCLUDE_SOURCE;
				MTL_FAST_MATH = YES;
				ONLY_ACTIVE_ARCH = YES;
				PRODUCT_NAME = "$(TARGET_NAME)";
				SWIFT_ACTIVE_COMPILATION_CONDITIONS = DEBUG;
				SWIFT_OPTIMIZATION_LEVEL = "-Onone";
				SWIFT_VERSION = 5.9;
			};
			name = Debug;
		};
		7F876012AB6146BCC7D3F12D /* Debug */ = {
			isa = XCBuildConfiguration;
			buildSettings = {
				ASSETCATALOG_COMPILER_APPICON_NAME = AppIcon;
				ASSETCATALOG_COMPILER_GENERATE_SWIFT_ASSET_SYMBOL_EXTENSIONS = YES;
				ASSETCATALOG_COMPILER_GLOBAL_ACCENT_COLOR_NAME = AccentColor;
				CODE_SIGN_IDENTITY = "-";
				CODE_SIGN_STYLE = Automatic;
				COMBINE_HIDPI_IMAGES = YES;
				ENABLE_APP_SANDBOX = NO;
				ENABLE_HARDENED_RUNTIME = NO;
				GENERATE_INFOPLIST_FILE = NO;
				INFOPLIST_FILE = PhoneticsMaestroApp/Info.plist;
				LD_RUNPATH_SEARCH_PATHS = "$(inherited) @executable_path/../Frameworks";
				MACOSX_DEPLOYMENT_TARGET = 14.0;
				PRODUCT_BUNDLE_IDENTIFIER = com.apue.PhoneticsMaestro;
				PRODUCT_NAME = PhoneticsMaestro;
				SDKROOT = macosx;
				SWIFT_VERSION = 5.9;
			};
			name = Debug;
		};
		85A6D32C0D34D33BF694E096 /* Release */ = {
			isa = XCBuildConfiguration;
			buildSettings = {
				ALWAYS_SEARCH_USER_PATHS = NO;
				CLANG_ANALYZER_NONNULL = YES;
				CLANG_ANALYZER_NUMBER_OBJECT_CONVERSION = YES_AGGRESSIVE;
				CLANG_CXX_LANGUAGE_STANDARD = "gnu++14";
				CLANG_CXX_LIBRARY = "libc++";
				CLANG_ENABLE_MODULES = YES;
				CLANG_ENABLE_OBJC_ARC = YES;
				CLANG_ENABLE_OBJC_WEAK = YES;
				CLANG_WARN_BLOCK_CAPTURE_AUTORELEASING = YES;
				CLANG_WARN_BOOL_CONVERSION = YES;
				CLANG_WARN_COMMA = YES;
				CLANG_WARN_CONSTANT_CONVERSION = YES;
				CLANG_WARN_DEPRECATED_OBJC_IMPLEMENTATIONS = YES;
				CLANG_WARN_DIRECT_OBJC_ISA_USAGE = YES_ERROR;
				CLANG_WARN_DOCUMENTATION_COMMENTS = YES;
				CLANG_WARN_EMPTY_BODY = YES;
				CLANG_WARN_ENUM_CONVERSION = YES;
				CLANG_WARN_INFINITE_RECURSION = YES;
				CLANG_WARN_INT_CONVERSION = YES;
				CLANG_WARN_NON_LITERAL_NULL_CONVERSION = YES;
				CLANG_WARN_OBJC_IMPLICIT_RETAIN_SELF = YES;
				CLANG_WARN_OBJC_LITERAL_CONVERSION = YES;
				CLANG_WARN_OBJC_ROOT_CLASS = YES_ERROR;
				CLANG_WARN_QUOTED_INCLUDE_IN_FRAMEWORK_HEADER = YES;
				CLANG_WARN_RANGE_LOOP_ANALYSIS = YES;
				CLANG_WARN_STRICT_PROTOTYPES = YES;
				CLANG_WARN_SUSPICIOUS_MOVE = YES;
				CLANG_WARN_UNGUARDED_AVAILABILITY = YES_AGGRESSIVE;
				CLANG_WARN_UNREACHABLE_CODE = YES;
				CLANG_WARN__DUPLICATE_METHOD_MATCH = YES;
				COPY_PHASE_STRIP = NO;
				DEBUG_INFORMATION_FORMAT = "dwarf-with-dsym";
				ENABLE_NS_ASSERTIONS = NO;
				ENABLE_STRICT_OBJC_MSGSEND = YES;
				GCC_C_LANGUAGE_STANDARD = gnu11;
				GCC_NO_COMMON_BLOCKS = YES;
				GCC_WARN_64_TO_32_BIT_CONVERSION = YES;
				GCC_WARN_ABOUT_RETURN_TYPE = YES_ERROR;
				GCC_WARN_UNDECLARED_SELECTOR = YES;
				GCC_WARN_UNINITIALIZED_AUTOS = YES_AGGRESSIVE;
				GCC_WARN_UNUSED_FUNCTION = YES;
				GCC_WARN_UNUSED_VARIABLE = YES;
				MACOSX_DEPLOYMENT_TARGET = 14.0;
				MTL_ENABLE_DEBUG_INFO = NO;
				MTL_FAST_MATH = YES;
				PRODUCT_NAME = "$(TARGET_NAME)";
				SWIFT_COMPILATION_MODE = wholemodule;
				SWIFT_OPTIMIZATION_LEVEL = "-O";
				SWIFT_VERSION = 5.9;
			};
			name = Release;
		};
		CE7A3A76F78F307580978773 /* Release */ = {
			isa = XCBuildConfiguration;
			buildSettings = {
				ASSETCATALOG_COMPILER_APPICON_NAME = AppIcon;
				ASSETCATALOG_COMPILER_GENERATE_SWIFT_ASSET_SYMBOL_EXTENSIONS = YES;
				ASSETCATALOG_COMPILER_GLOBAL_ACCENT_COLOR_NAME = AccentColor;
				CODE_SIGN_IDENTITY = "-";
				CODE_SIGN_STYLE = Automatic;
				COMBINE_HIDPI_IMAGES = YES;
				ENABLE_APP_SANDBOX = NO;
				ENABLE_HARDENED_RUNTIME = NO;
				GENERATE_INFOPLIST_FILE = NO;
				INFOPLIST_FILE = PhoneticsMaestroApp/Info.plist;
				LD_RUNPATH_SEARCH_PATHS = "$(inherited) @executable_path/../Frameworks";
				MACOSX_DEPLOYMENT_TARGET = 14.0;
				PRODUCT_BUNDLE_IDENTIFIER = com.apue.PhoneticsMaestro;
				PRODUCT_NAME = PhoneticsMaestro;
				SDKROOT = macosx;
				SWIFT_VERSION = 5.9;
			};
			name = Release;
		};
/* End XCBuildConfiguration section */

/* Begin XCConfigurationList section */
		6FE97AA71186665A79B8F7FA /* Build configuration list for PBXProject "PhoneticsMaestro" */ = {
			isa = XCConfigurationList;
			buildConfigurations = (
				45CDBC7A7F9727CD51D41E49 /* Debug */,
				85A6D32C0D34D33BF694E096 /* Release */,
			);
			defaultConfigurationIsVisible = 0;
			defaultConfigurationName = Release;
		};
		81C2A99130536D2F22105325 /* Build configuration list for PBXNativeTarget "PhoneticsMaestroApp" */ = {
			isa = XCConfigurationList;
			buildConfigurations = (
				CE7A3A76F78F307580978773 /* Release */,
				7F876012AB6146BCC7D3F12D /* Debug */,
			);
			defaultConfigurationIsVisible = 0;
			defaultConfigurationName = Release;
		};
/* End XCConfigurationList section */

/* Begin XCLocalSwiftPackageReference section */
		314A3F7E6C93D4E81E6DE309 /* XCLocalSwiftPackageReference "." */ = {
			isa = XCLocalSwiftPackageReference;
			relativePath = .;
		};
/* End XCLocalSwiftPackageReference section */

/* Begin XCSwiftPackageProductDependency section */
		A81CDF4943D361FF89883E57 /* PhoneticsCore */ = {
			isa = XCSwiftPackageProductDependency;
			productName = PhoneticsCore;
		};
/* End XCSwiftPackageProductDependency section */
	};
	rootObject = D43937B364E309B46F1FD8BD /* Project object */;
}
